// !$*UTF8*$!
{
	archiveVersion = 1;
	classes = {
	};
	objectVersion = 56;
	objects = {

/* Begin PBXBuildFile section */
		BD082B6328E3A13700B68BAF /* BuzzWatch Watch App.app in Embed Watch Content */ = {isa = PBXBuildFile; fileRef = BD082B6228E3A13700B68BAF /* BuzzWatch Watch App.app */; settings = {ATTRIBUTES = (RemoveHeadersOnCopy, ); }; };
		BD082B6828E3A13700B68BAF /* BuzzWatchApp.swift in Sources */ = {isa = PBXBuildFile; fileRef = BD082B6728E3A13700B68BAF /* BuzzWatchApp.swift */; };
		BD082B6A28E3A13700B68BAF /* ContentView.swift in Sources */ = {isa = PBXBuildFile; fileRef = BD082B6928E3A13700B68BAF /* ContentView.swift */; };
		BD082B6C28E3A13800B68BAF /* Assets.xcassets in Resources */ = {isa = PBXBuildFile; fileRef = BD082B6B28E3A13800B68BAF /* Assets.xcassets */; };
		BD082B6F28E3A13800B68BAF /* Preview Assets.xcassets in Resources */ = {isa = PBXBuildFile; fileRef = BD082B6E28E3A13800B68BAF /* Preview Assets.xcassets */; };
/* End PBXBuildFile section */

/* Begin PBXContainerItemProxy section */
		BD082B6428E3A13700B68BAF /* PBXContainerItemProxy */ = {
			isa = PBXContainerItemProxy;
			containerPortal = BD082B5628E3A13700B68BAF /* Project object */;
			proxyType = 1;
			remoteGlobalIDString = BD082B6128E3A13700B68BAF;
			remoteInfo = "BuzzWatch Watch App";
		};
/* End PBXContainerItemProxy section */

/* Begin PBXCopyFilesBuildPhase section */
		BD082B7528E3A13800B68BAF /* Embed Watch Content */ = {
			isa = PBXCopyFilesBuildPhase;
			buildActionMask = 2147483647;
			dstPath = "$(CONTENTS_FOLDER_PATH)/Watch";
			dstSubfolderSpec = 16;
			files = (
				BD082B6328E3A13700B68BAF /* BuzzWatch Watch App.app in Embed Watch Content */,
			);
			name = "Embed Watch Content";
			runOnlyForDeploymentPostprocessing = 0;
		};
/* End PBXCopyFilesBuildPhase section */

/* Begin PBXFileReference section */
		BD082B5C28E3A13700B68BAF /* BuzzWatch.app */ = {isa = PBXFileReference; explicitFileType = wrapper.application; includeInIndex = 0; path = BuzzWatch.app; sourceTree = BUILT_PRODUCTS_DIR; };
		BD082B6228E3A13700B68BAF /* BuzzWatch Watch App.app */ = {isa = PBXFileReference; explicitFileType = wrapper.application; includeInIndex = 0; path = "BuzzWatch Watch App.app"; sourceTree = BUILT_PRODUCTS_DIR; };
		BD082B6728E3A13700B68BAF /* BuzzWatchApp.swift */ = {isa = PBXFileReference; lastKnownFileType = sourcecode.swift; path = BuzzWatchApp.swift; sourceTree = "<group>"; };
		BD082B6928E3A13700B68BAF /* ContentView.swift */ = {isa = PBXFileReference; lastKnownFileType = sourcecode.swift; path = ContentView.swift; sourceTree = "<group>"; };
		BD082B6B28E3A13800B68BAF /* Assets.xcassets */ = {isa = PBXFileReference; lastKnownFileType = folder.assetcatalog; path = Assets.xcassets; sourceTree = "<group>"; };
		BD082B6E28E3A13800B68BAF /* Preview Assets.xcassets */ = {isa = PBXFileReference; lastKnownFileType = folder.assetcatalog; path = "Preview Assets.xcassets"; sourceTree = "<group>"; };
/* End PBXFileReference section */

/* Begin PBXFrameworksBuildPhase section */
		BD082B5F28E3A13700B68BAF /* Frameworks */ = {
			isa = PBXFrameworksBuildPhase;
			buildActionMask = 2147483647;
			files = (
			);
			runOnlyForDeploymentPostprocessing = 0;
		};
/* End PBXFrameworksBuildPhase section */

/* Begin PBXGroup section */
		BD082B5528E3A13700B68BAF = {
			isa = PBXGroup;
			children = (
				BD082B6628E3A13700B68BAF /* BuzzWatch Watch App */,
				BD082B5D28E3A13700B68BAF /* Products */,
			);
			sourceTree = "<group>";
		};
		BD082B5D28E3A13700B68BAF /* Products */ = {
			isa = PBXGroup;
			children = (
				BD082B5C28E3A13700B68BAF /* BuzzWatch.app */,
				BD082B6228E3A13700B68BAF /* BuzzWatch Watch App.app */,
			);
			name = Products;
			sourceTree = "<group>";
		};
		BD082B6628E3A13700B68BAF /* BuzzWatch Watch App */ = {
			isa = PBXGroup;
			children = (
				BD082B6728E3A13700B68BAF /* BuzzWatchApp.swift */,
				BD082B6928E3A13700B68BAF /* ContentView.swift */,
				BD082B6B28E3A13800B68BAF /* Assets.xcassets */,
				BD082B6D28E3A13800B68BAF /* Preview Content */,
			);
			path = "BuzzWatch Watch App";
			sourceTree = "<group>";
		};
		BD082B6D28E3A13800B68BAF /* Preview Content */ = {
			isa = PBXGroup;
			children = (
				BD082B6E28E3A13800B68BAF /* Preview Assets.xcassets */,
			);
			path = "Preview Content";
			sourceTree = "<group>";
		};
/* End PBXGroup section */

/* Begin PBXNativeTarget section */
		BD082B5B28E3A13700B68BAF /* BuzzWatch */ = {
			isa = PBXNativeTarget;
			buildConfigurationList = BD082B7628E3A13800B68BAF /* Build configuration list for PBXNativeTarget "BuzzWatch" */;
			buildPhases = (
				BD082B5A28E3A13700B68BAF /* Resources */,
				BD082B7528E3A13800B68BAF /* Embed Watch Content */,
			);
			buildRules = (
			);
			dependencies = (
				BD082B6528E3A13700B68BAF /* PBXTargetDependency */,
			);
			name = BuzzWatch;
			productName = BuzzWatch;
			productReference = BD082B5C28E3A13700B68BAF /* BuzzWatch.app */;
			productType = "com.apple.product-type.application.watchapp2-container";
		};
		BD082B6128E3A13700B68BAF /* BuzzWatch Watch App */ = {
			isa = PBXNativeTarget;
			buildConfigurationList = BD082B7228E3A13800B68BAF /* Build configuration list for PBXNativeTarget "BuzzWatch Watch App" */;
			buildPhases = (
				BD082B5E28E3A13700B68BAF /* Sources */,
				BD082B5F28E3A13700B68BAF /* Frameworks */,
				BD082B6028E3A13700B68BAF /* Resources */,
			);
			buildRules = (
			);
			dependencies = (
			);
			name = "BuzzWatch Watch App";
			productName = "BuzzWatch Watch App";
			productReference = BD082B6228E3A13700B68BAF /* BuzzWatch Watch App.app */;
			productType = "com.apple.product-type.application";
		};
/* End PBXNativeTarget section */

/* Begin PBXProject section */
		BD082B5628E3A13700B68BAF /* Project object */ = {
			isa = PBXProject;
			attributes = {
				BuildIndependentTargetsInParallel = 1;
				LastSwiftUpdateCheck = 1400;
				LastUpgradeCheck = 1400;
				TargetAttributes = {
					BD082B5B28E3A13700B68BAF = {
						CreatedOnToolsVersion = 14.0;
					};
					BD082B6128E3A13700B68BAF = {
						CreatedOnToolsVersion = 14.0;
					};
				};
			};
			buildConfigurationList = BD082B5928E3A13700B68BAF /* Build configuration list for PBXProject "BuzzWatch" */;
			compatibilityVersion = "Xcode 14.0";
			developmentRegion = en;
			hasScannedForEncodings = 0;
			knownRegions = (
				en,
				Base,
			);
			mainGroup = BD082B5528E3A13700B68BAF;
			productRefGroup = BD082B5D28E3A13700B68BAF /* Products */;
			projectDirPath = "";
			projectRoot = "";
			targets = (
				BD082B5B28E3A13700B68BAF /* BuzzWatch */,
				BD082B6128E3A13700B68BAF /* BuzzWatch Watch App */,
			);
		};
/* End PBXProject section */

/* Begin PBXResourcesBuildPhase section */
		BD082B5A28E3A13700B68BAF /* Resources */ = {
			isa = PBXResourcesBuildPhase;
			buildActionMask = 2147483647;
			files = (
			);
			runOnlyForDeploymentPostprocessing = 0;
		};
		BD082B6028E3A13700B68BAF /* Resources */ = {
			isa = PBXResourcesBuildPhase;
			buildActionMask = 2147483647;
			files = (
				BD082B6F28E3A13800B68BAF /* Preview Assets.xcassets in Resources */,
				BD082B6C28E3A13800B68BAF /* Assets.xcassets in Resources */,
			);
			runOnlyForDeploymentPostprocessing = 0;
		};
/* End PBXResourcesBuildPhase section */

/* Begin PBXSourcesBuildPhase section */
		BD082B5E28E3A13700B68BAF /* Sources */ = {
			isa = PBXSourcesBuildPhase;
			buildActionMask = 2147483647;
			files = (
				BD082B6A28E3A13700B68BAF /* ContentView.swift in Sources */,
				BD082B6828E3A13700B68BAF /* BuzzWatchApp.swift in Sources */,
			);
			runOnlyForDeploymentPostprocessing = 0;
		};
/* End PBXSourcesBuildPhase section */

/* Begin PBXTargetDependency section */
		BD082B6528E3A13700B68BAF /* PBXTargetDependency */ = {
			isa = PBXTargetDependency;
			target = BD082B6128E3A13700B68BAF /* BuzzWatch Watch App */;
			targetProxy = BD082B6428E3A13700B68BAF /* PBXContainerItemProxy */;
		};
/* End PBXTargetDependency section */

/* Begin XCBuildConfiguration section */
		BD082B7028E3A13800B68BAF /* Debug */ = {
			isa = XCBuildConfiguration;
			buildSettings = {
				ALWAYS_SEARCH_USER_PATHS = NO;
				CLANG_ANALYZER_NONNULL = YES;
				CLANG_ANALYZER_NUMBER_OBJECT_CONVERSION = YES_AGGRESSIVE;
				CLANG_CXX_LANGUAGE_STANDARD = "gnu++20";
				CLANG_ENABLE_MODULES = YES;
				CLANG_ENABLE_OBJC_ARC = YES;
				CLANG_ENABLE_OBJC_WEAK = YES;
				CLANG_WARN_BLOCK_CAPTURE_AUTORELEASING = YES;
				CLANG_WARN_BOOL_CONVERSION = YES;
				CLANG_WARN_COMMA = YES;
				CLANG_WARN_CONSTANT_CONVERSION = YES;
				CLANG_WARN_DEPRECATED_OBJC_IMPLEMENTATIONS = YES;
				CLANG_WARN_DIRECT_OBJC_ISA_USAGE = YES_ERROR;
				CLANG_WARN_DOCUMENTATION_COMMENTS = YES;
				CLANG_WARN_EMPTY_BODY = YES;
				CLANG_WARN_ENUM_CONVERSION = YES;
				CLANG_WARN_INFINITE_RECURSION = YES;
				CLANG_WARN_INT_CONVERSION = YES;
				CLANG_WARN_NON_LITERAL_NULL_CONVERSION = YES;
				CLANG_WARN_OBJC_IMPLICIT_RETAIN_SELF = YES;
				CLANG_WARN_OBJC_LITERAL_CONVERSION = YES;
				CLANG_WARN_OBJC_ROOT_CLASS = YES_ERROR;
				CLANG_WARN_QUOTED_INCLUDE_IN_FRAMEWORK_HEADER = YES;
				CLANG_WARN_RANGE_LOOP_ANALYSIS = YES;
				CLANG_WARN_STRICT_PROTOTYPES = YES;
				CLANG_WARN_SUSPICIOUS_MOVE = YES;
				CLANG_WARN_UNGUARDED_AVAILABILITY = YES_AGGRESSIVE;
				CLANG_WARN_UNREACHABLE_CODE = YES;
				CLANG_WARN__DUPLICATE_METHOD_MATCH = YES;
				COPY_PHASE_STRIP = NO;
				DEBUG_INFORMATION_FORMAT = dwarf;
				ENABLE_STRICT_OBJC_MSGSEND = YES;
				ENABLE_TESTABILITY = YES;
				GCC_C_LANGUAGE_STANDARD = gnu11;
				GCC_DYNAMIC_NO_PIC = NO;
				GCC_NO_COMMON_BLOCKS = YES;
				GCC_OPTIMIZATION_LEVEL = 0;
				GCC_PREPROCESSOR_DEFINITIONS = (
					"DEBUG=1",
					"$(inherited)",
				);
				GCC_WARN_64_TO_32_BIT_CONVERSION = YES;
				GCC_WARN_ABOUT_RETURN_TYPE = YES_ERROR;
				GCC_WARN_UNDECLARED_SELECTOR = YES;
				GCC_WARN_UNINITIALIZED_AUTOS = YES_AGGRESSIVE;
				GCC_WARN_UNUSED_FUNCTION = YES;
				GCC_WARN_UNUSED_VARIABLE = YES;
				MTL_ENABLE_DEBUG_INFO = INCLUDE_SOURCE;
				MTL_FAST_MATH = YES;
				ONLY_ACTIVE_ARCH = YES;
				SWIFT_ACTIVE_COMPILATION_CONDITIONS = DEBUG;
				SWIFT_OPTIMIZATION_LEVEL = "-Onone";
			};
			name = Debug;
		};
		BD082B7128E3A13800B68BAF /* Release */ = {
			isa = XCBuildConfiguration;
			buildSettings = {
				ALWAYS_SEARCH_USER_PATHS = NO;
				CLANG_ANALYZER_NONNULL = YES;
				CLANG_ANALYZER_NUMBER_OBJECT_CONVERSION = YES_AGGRESSIVE;
				CLANG_CXX_LANGUAGE_STANDARD = "gnu++20";
				CLANG_ENABLE_MODULES = YES;
				CLANG_ENABLE_OBJC_ARC = YES;
				CLANG_ENABLE_OBJC_WEAK = YES;
				CLANG_WARN_BLOCK_CAPTURE_AUTORELEASING = YES;
				CLANG_WARN_BOOL_CONVERSION = YES;
				CLANG_WARN_COMMA = YES;
				CLANG_WARN_CONSTANT_CONVERSION = YES;
				CLANG_WARN_DEPRECATED_OBJC_IMPLEMENTATIONS = YES;
				CLANG_WARN_DIRECT_OBJC_ISA_USAGE = YES_ERROR;
				CLANG_WARN_DOCUMENTATION_COMMENTS = YES;
				CLANG_WARN_EMPTY_BODY = YES;
				CLANG_WARN_ENUM_CONVERSION = YES;
				CLANG_WARN_INFINITE_RECURSION = YES;
				CLANG_WARN_INT_CONVERSION = YES;
				CLANG_WARN_NON_LITERAL_NULL_CONVERSION = YES;
				CLANG_WARN_OBJC_IMPLICIT_RETAIN_SELF = YES;
				CLANG_WARN_OBJC_LITERAL_CONVERSION = YES;
				CLANG_WARN_OBJC_ROOT_CLASS = YES_ERROR;
				CLANG_WARN_QUOTED_INCLUDE_IN_FRAMEWORK_HEADER = YES;
				CLANG_WARN_RANGE_LOOP_ANALYSIS = YES;
				CLANG_WARN_STRICT_PROTOTYPES = YES;
				CLANG_WARN_SUSPICIOUS_MOVE = YES;
				CLANG_WARN_UNGUARDED_AVAILABILITY = YES_AGGRESSIVE;
				CLANG_WARN_UNREACHABLE_CODE = YES;
				CLANG_WARN__DUPLICATE_METHOD_MATCH = YES;
				COPY_PHASE_STRIP = NO;
				DEBUG_INFORMATION_FORMAT = "dwarf-with-dsym";
				ENABLE_NS_ASSERTIONS = NO;
				ENABLE_STRICT_OBJC_MSGSEND = YES;
				GCC_C_LANGUAGE_STANDARD = gnu11;
				GCC_NO_COMMON_BLOCKS = YES;
				GCC_WARN_64_TO_32_BIT_CONVERSION = YES;
				GCC_WARN_ABOUT_RETURN_TYPE = YES_ERROR;
				GCC_WARN_UNDECLARED_SELECTOR = YES;
				GCC_WARN_UNINITIALIZED_AUTOS = YES_AGGRESSIVE;
				GCC_WARN_UNUSED_FUNCTION = YES;
				GCC_WARN_UNUSED_VARIABLE = YES;
				MTL_ENABLE_DEBUG_INFO = NO;
				MTL_FAST_MATH = YES;
				SWIFT_COMPILATION_MODE = wholemodule;
				SWIFT_OPTIMIZATION_LEVEL = "-O";
			};
			name = Release;
		};
		BD082B7328E3A13800B68BAF /* Debug */ = {
			isa = XCBuildConfiguration;
			buildSettings = {
				ASSETCATALOG_COMPILER_APPICON_NAME = AppIcon;
				ASSETCATALOG_COMPILER_GLOBAL_ACCENT_COLOR_NAME = AccentColor;
				CODE_SIGN_STYLE = Automatic;
				CURRENT_PROJECT_VERSION = 1;
				DEVELOPMENT_ASSET_PATHS = "\"BuzzWatch Watch App/Preview Content\"";
				DEVELOPMENT_TEAM = F6X27PB5BH;
				ENABLE_PREVIEWS = YES;
				GENERATE_INFOPLIST_FILE = YES;
				INFOPLIST_KEY_CFBundleDisplayName = BuzzWatch;
				INFOPLIST_KEY_UISupportedInterfaceOrientations = "UIInterfaceOrientationPortrait UIInterfaceOrientationPortraitUpsideDown";
				INFOPLIST_KEY_WKWatchOnly = YES;
				LD_RUNPATH_SEARCH_PATHS = (
					"$(inherited)",
					"@executable_path/Frameworks",
				);
				MARKETING_VERSION = 1.0;
				PRODUCT_BUNDLE_IDENTIFIER = com.evergreenlabs.BuzzWatch.watchkitapp;
				PRODUCT_NAME = "$(TARGET_NAME)";
				SDKROOT = watchos;
				SKIP_INSTALL = YES;
				SWIFT_EMIT_LOC_STRINGS = YES;
				SWIFT_VERSION = 5.0;
				TARGETED_DEVICE_FAMILY = 4;
				WATCHOS_DEPLOYMENT_TARGET = 9.0;
			};
			name = Debug;
		};
		BD082B7428E3A13800B68BAF /* Release */ = {
			isa = XCBuildConfiguration;
			buildSettings = {
				ASSETCATALOG_COMPILER_APPICON_NAME = AppIcon;
				ASSETCATALOG_COMPILER_GLOBAL_ACCENT_COLOR_NAME = AccentColor;
				CODE_SIGN_STYLE = Automatic;
				CURRENT_PROJECT_VERSION = 1;
				DEVELOPMENT_ASSET_PATHS = "\"BuzzWatch Watch App/Preview Content\"";
				DEVELOPMENT_TEAM = F6X27PB5BH;
				ENABLE_PREVIEWS = YES;
				GENERATE_INFOPLIST_FILE = YES;
				INFOPLIST_KEY_CFBundleDisplayName = BuzzWatch;
				INFOPLIST_KEY_UISupportedInterfaceOrientations = "UIInterfaceOrientationPortrait UIInterfaceOrientationPortraitUpsideDown";
				INFOPLIST_KEY_WKWatchOnly = YES;
				LD_RUNPATH_SEARCH_PATHS = (
					"$(inherited)",
					"@executable_path/Frameworks",
				);
				MARKETING_VERSION = 1.0;
				PRODUCT_BUNDLE_IDENTIFIER = com.evergreenlabs.BuzzWatch.watchkitapp;
				PRODUCT_NAME = "$(TARGET_NAME)";
				SDKROOT = watchos;
				SKIP_INSTALL = YES;
				SWIFT_EMIT_LOC_STRINGS = YES;
				SWIFT_VERSION = 5.0;
				TARGETED_DEVICE_FAMILY = 4;
				VALIDATE_PRODUCT = YES;
				WATCHOS_DEPLOYMENT_TARGET = 9.0;
			};
			name = Release;
		};
		BD082B7728E3A13800B68BAF /* Debug */ = {
			isa = XCBuildConfiguration;
			buildSettings = {
				ALWAYS_EMBED_SWIFT_STANDARD_LIBRARIES = YES;
				CODE_SIGN_STYLE = Automatic;
				CURRENT_PROJECT_VERSION = 1;
				DEVELOPMENT_TEAM = F6X27PB5BH;
				INFOPLIST_KEY_CFBundleDisplayName = BuzzWatch;
				MARKETING_VERSION = 1.0;
				PRODUCT_BUNDLE_IDENTIFIER = com.evergreenlabs.BuzzWatch;
				PRODUCT_NAME = "$(TARGET_NAME)";
				SDKROOT = iphoneos;
				SWIFT_VERSION = 5.0;
			};
			name = Debug;
		};
		BD082B7828E3A13800B68BAF /* Release */ = {
			isa = XCBuildConfiguration;
			buildSettings = {
				ALWAYS_EMBED_SWIFT_STANDARD_LIBRARIES = YES;
				CODE_SIGN_STYLE = Automatic;
				CURRENT_PROJECT_VERSION = 1;
				DEVELOPMENT_TEAM = F6X27PB5BH;
				INFOPLIST_KEY_CFBundleDisplayName = BuzzWatch;
				MARKETING_VERSION = 1.0;
				PRODUCT_BUNDLE_IDENTIFIER = com.evergreenlabs.BuzzWatch;
				PRODUCT_NAME = "$(TARGET_NAME)";
				SDKROOT = iphoneos;
				SWIFT_VERSION = 5.0;
				VALIDATE_PRODUCT = YES;
			};
			name = Release;
		};
/* End XCBuildConfiguration section */

/* Begin XCConfigurationList section */
		BD082B5928E3A13700B68BAF /* Build configuration list for PBXProject "BuzzWatch" */ = {
			isa = XCConfigurationList;
			buildConfigurations = (
				BD082B7028E3A13800B68BAF /* Debug */,
				BD082B7128E3A13800B68BAF /* Release */,
			);
			defaultConfigurationIsVisible = 0;
			defaultConfigurationName = Release;
		};
		BD082B7228E3A13800B68BAF /* Build configuration list for PBXNativeTarget "BuzzWatch Watch App" */ = {
			isa = XCConfigurationList;
			buildConfigurations = (
				BD082B7328E3A13800B68BAF /* Debug */,
				BD082B7428E3A13800B68BAF /* Release */,
			);
			defaultConfigurationIsVisible = 0;
			defaultConfigurationName = Release;
		};
		BD082B7628E3A13800B68BAF /* Build configuration list for PBXNativeTarget "BuzzWatch" */ = {
			isa = XCConfigurationList;
			buildConfigurations = (
				BD082B7728E3A13800B68BAF /* Debug */,
				BD082B7828E3A13800B68BAF /* Release */,
			);
			defaultConfigurationIsVisible = 0;
			defaultConfigurationName = Release;
		};
/* End XCConfigurationList section */
	};
	rootObject = BD082B5628E3A13700B68BAF /* Project object */;
}
