// !$*UTF8*$!
{
	archiveVersion = 1;
	classes = {
	};
	objectVersion = 55;
	objects = {

/* Begin PBXBuildFile section */
		BD1809F528F4DFB700F9441C /* Logger.swift in Sources */ = {isa = PBXBuildFile; fileRef = BD1809EE28F4DFAB00F9441C /* Logger.swift */; };
		BD1809F628F4DFB700F9441C /* SessionTransfer.swift in Sources */ = {isa = PBXBuildFile; fileRef = BD1809EF28F4DFAB00F9441C /* SessionTransfer.swift */; };
		BD1809F728F4DFB700F9441C /* CommandStatus.swift in Sources */ = {isa = PBXBuildFile; fileRef = BD1809F028F4DFAB00F9441C /* CommandStatus.swift */; };
		BD1809F828F4DFB700F9441C /* FileTransferObservers.swift in Sources */ = {isa = PBXBuildFile; fileRef = BD1809F128F4DFAB00F9441C /* FileTransferObservers.swift */; };
		BD1809F928F4DFB700F9441C /* TestDataProvider.swift in Sources */ = {isa = PBXBuildFile; fileRef = BD1809F228F4DFAB00F9441C /* TestDataProvider.swift */; };
		BD1809FA28F4DFB700F9441C /* SessionDelegator.swift in Sources */ = {isa = PBXBuildFile; fileRef = BD1809F328F4DFAB00F9441C /* SessionDelegator.swift */; };
		BD1809FB28F4DFB700F9441C /* SessionCommands.swift in Sources */ = {isa = PBXBuildFile; fileRef = BD1809F428F4DFAB00F9441C /* SessionCommands.swift */; };
		BD1809FC28F4E95600F9441C /* Logger.swift in Sources */ = {isa = PBXBuildFile; fileRef = BD1809EE28F4DFAB00F9441C /* Logger.swift */; };
		BD1809FD28F4E95600F9441C /* SessionTransfer.swift in Sources */ = {isa = PBXBuildFile; fileRef = BD1809EF28F4DFAB00F9441C /* SessionTransfer.swift */; };
		BD1809FE28F4E95600F9441C /* CommandStatus.swift in Sources */ = {isa = PBXBuildFile; fileRef = BD1809F028F4DFAB00F9441C /* CommandStatus.swift */; };
		BD1809FF28F4E95600F9441C /* FileTransferObservers.swift in Sources */ = {isa = PBXBuildFile; fileRef = BD1809F128F4DFAB00F9441C /* FileTransferObservers.swift */; };
		BD180A0028F4E95600F9441C /* TestDataProvider.swift in Sources */ = {isa = PBXBuildFile; fileRef = BD1809F228F4DFAB00F9441C /* TestDataProvider.swift */; };
		BD180A0128F4E95600F9441C /* SessionDelegator.swift in Sources */ = {isa = PBXBuildFile; fileRef = BD1809F328F4DFAB00F9441C /* SessionDelegator.swift */; };
		BD180A0228F4E95600F9441C /* SessionCommands.swift in Sources */ = {isa = PBXBuildFile; fileRef = BD1809F428F4DFAB00F9441C /* SessionCommands.swift */; };
		BD2FF92128ECC65D0098A180 /* AppDelegate.swift in Sources */ = {isa = PBXBuildFile; fileRef = BD2FF92028ECC65D0098A180 /* AppDelegate.swift */; };
		BD2FF92328ECC65D0098A180 /* SceneDelegate.swift in Sources */ = {isa = PBXBuildFile; fileRef = BD2FF92228ECC65D0098A180 /* SceneDelegate.swift */; };
		BD2FF92528ECC65D0098A180 /* ViewController.swift in Sources */ = {isa = PBXBuildFile; fileRef = BD2FF92428ECC65D0098A180 /* ViewController.swift */; };
		BD2FF92828ECC65D0098A180 /* Main.storyboard in Resources */ = {isa = PBXBuildFile; fileRef = BD2FF92628ECC65D0098A180 /* Main.storyboard */; };
		BD2FF92A28ECC65D0098A180 /* Assets.xcassets in Resources */ = {isa = PBXBuildFile; fileRef = BD2FF92928ECC65D0098A180 /* Assets.xcassets */; };
		BD2FF92D28ECC65D0098A180 /* LaunchScreen.storyboard in Resources */ = {isa = PBXBuildFile; fileRef = BD2FF92B28ECC65D0098A180 /* LaunchScreen.storyboard */; };
		BD2FF93928ECC8E50098A180 /* BuzzWatch2WatchApp.swift in Sources */ = {isa = PBXBuildFile; fileRef = BD2FF93828ECC8E50098A180 /* BuzzWatch2WatchApp.swift */; };
		BD2FF93B28ECC8E50098A180 /* ContentView.swift in Sources */ = {isa = PBXBuildFile; fileRef = BD2FF93A28ECC8E50098A180 /* ContentView.swift */; };
		BD2FF93D28ECC8E50098A180 /* Assets.xcassets in Resources */ = {isa = PBXBuildFile; fileRef = BD2FF93C28ECC8E50098A180 /* Assets.xcassets */; };
		BD2FF94028ECC8E50098A180 /* Preview Assets.xcassets in Resources */ = {isa = PBXBuildFile; fileRef = BD2FF93F28ECC8E50098A180 /* Preview Assets.xcassets */; };
		BD2FF94328ECC8E50098A180 /* BuzzWatch2Watch Watch App.app in Embed Watch Content */ = {isa = PBXBuildFile; fileRef = BD2FF93628ECC8E50098A180 /* BuzzWatch2Watch Watch App.app */; settings = {ATTRIBUTES = (RemoveHeadersOnCopy, ); }; };
		BD2FF9AC28ECF2550098A180 /* SoundIdentifier.swift in Sources */ = {isa = PBXBuildFile; fileRef = BDF2E82328E7CE3F001CEB60 /* SoundIdentifier.swift */; };
		BD2FF9AD28ECF2550098A180 /* DetectionState.swift in Sources */ = {isa = PBXBuildFile; fileRef = BDF2E82428E7CE3F001CEB60 /* DetectionState.swift */; };
		BD2FF9AE28ECF2550098A180 /* SetupMonitoredSoundsView.swift in Sources */ = {isa = PBXBuildFile; fileRef = BDF2E82228E7CE3E001CEB60 /* SetupMonitoredSoundsView.swift */; };
		BD2FF9AF28ECF2550098A180 /* ClassificationResultsSubject.swift in Sources */ = {isa = PBXBuildFile; fileRef = BDF2E82628E7CE3F001CEB60 /* ClassificationResultsSubject.swift */; };
		BD2FF9B028ECF2550098A180 /* SystemAudioClassifier.swift in Sources */ = {isa = PBXBuildFile; fileRef = BDF2E82D28E7CECF001CEB60 /* SystemAudioClassifier.swift */; };
		BD2FF9B128ECF2550098A180 /* NotificationController.swift in Sources */ = {isa = PBXBuildFile; fileRef = BD082B7928E3BAEE00B68BAF /* NotificationController.swift */; };
		BD2FF9B228ECF2550098A180 /* NotificationView.swift in Sources */ = {isa = PBXBuildFile; fileRef = BD082B7B28E3BB8D00B68BAF /* NotificationView.swift */; };
		BD2FF9B928ECFB5E0098A180 /* Settings.bundle in Resources */ = {isa = PBXBuildFile; fileRef = BD2FF9B828ECFB5E0098A180 /* Settings.bundle */; };
/* End PBXBuildFile section */

/* Begin PBXContainerItemProxy section */
		BD2FF94128ECC8E50098A180 /* PBXContainerItemProxy */ = {
			isa = PBXContainerItemProxy;
			containerPortal = BD082B5628E3A13700B68BAF /* Project object */;
			proxyType = 1;
			remoteGlobalIDString = BD2FF93528ECC8E40098A180;
			remoteInfo = "BuzzWatch2Watch Watch App";
		};
/* End PBXContainerItemProxy section */

/* Begin PBXCopyFilesBuildPhase section */
		BD2FF94728ECC8E60098A180 /* Embed Watch Content */ = {
			isa = PBXCopyFilesBuildPhase;
			buildActionMask = 2147483647;
			dstPath = "$(CONTENTS_FOLDER_PATH)/Watch";
			dstSubfolderSpec = 16;
			files = (
				BD2FF94328ECC8E50098A180 /* BuzzWatch2Watch Watch App.app in Embed Watch Content */,
			);
			name = "Embed Watch Content";
			runOnlyForDeploymentPostprocessing = 0;
		};
/* End PBXCopyFilesBuildPhase section */

/* Begin PBXFileReference section */
		BD082B7928E3BAEE00B68BAF /* NotificationController.swift */ = {isa = PBXFileReference; lastKnownFileType = sourcecode.swift; path = NotificationController.swift; sourceTree = "<group>"; };
		BD082B7B28E3BB8D00B68BAF /* NotificationView.swift */ = {isa = PBXFileReference; lastKnownFileType = sourcecode.swift; path = NotificationView.swift; sourceTree = "<group>"; };
		BD082B7D28E3C17700B68BAF /* PushNotificationPayload.apns */ = {isa = PBXFileReference; fileEncoding = 4; lastKnownFileType = text; path = PushNotificationPayload.apns; sourceTree = "<group>"; };
		BD1809EE28F4DFAB00F9441C /* Logger.swift */ = {isa = PBXFileReference; lastKnownFileType = sourcecode.swift; path = Logger.swift; sourceTree = "<group>"; };
		BD1809EF28F4DFAB00F9441C /* SessionTransfer.swift */ = {isa = PBXFileReference; lastKnownFileType = sourcecode.swift; path = SessionTransfer.swift; sourceTree = "<group>"; };
		BD1809F028F4DFAB00F9441C /* CommandStatus.swift */ = {isa = PBXFileReference; lastKnownFileType = sourcecode.swift; path = CommandStatus.swift; sourceTree = "<group>"; };
		BD1809F128F4DFAB00F9441C /* FileTransferObservers.swift */ = {isa = PBXFileReference; lastKnownFileType = sourcecode.swift; path = FileTransferObservers.swift; sourceTree = "<group>"; };
		BD1809F228F4DFAB00F9441C /* TestDataProvider.swift */ = {isa = PBXFileReference; lastKnownFileType = sourcecode.swift; path = TestDataProvider.swift; sourceTree = "<group>"; };
		BD1809F328F4DFAB00F9441C /* SessionDelegator.swift */ = {isa = PBXFileReference; lastKnownFileType = sourcecode.swift; path = SessionDelegator.swift; sourceTree = "<group>"; };
		BD1809F428F4DFAB00F9441C /* SessionCommands.swift */ = {isa = PBXFileReference; lastKnownFileType = sourcecode.swift; path = SessionCommands.swift; sourceTree = "<group>"; };
		BD2FF91E28ECC65D0098A180 /* BuzzWatch2.app */ = {isa = PBXFileReference; explicitFileType = wrapper.application; includeInIndex = 0; path = BuzzWatch2.app; sourceTree = BUILT_PRODUCTS_DIR; };
		BD2FF92028ECC65D0098A180 /* AppDelegate.swift */ = {isa = PBXFileReference; lastKnownFileType = sourcecode.swift; path = AppDelegate.swift; sourceTree = "<group>"; };
		BD2FF92228ECC65D0098A180 /* SceneDelegate.swift */ = {isa = PBXFileReference; lastKnownFileType = sourcecode.swift; path = SceneDelegate.swift; sourceTree = "<group>"; };
		BD2FF92428ECC65D0098A180 /* ViewController.swift */ = {isa = PBXFileReference; lastKnownFileType = sourcecode.swift; path = ViewController.swift; sourceTree = "<group>"; };
		BD2FF92728ECC65D0098A180 /* Base */ = {isa = PBXFileReference; lastKnownFileType = file.storyboard; name = Base; path = Base.lproj/Main.storyboard; sourceTree = "<group>"; };
		BD2FF92928ECC65D0098A180 /* Assets.xcassets */ = {isa = PBXFileReference; lastKnownFileType = folder.assetcatalog; path = Assets.xcassets; sourceTree = "<group>"; };
		BD2FF92C28ECC65D0098A180 /* Base */ = {isa = PBXFileReference; lastKnownFileType = file.storyboard; name = Base; path = Base.lproj/LaunchScreen.storyboard; sourceTree = "<group>"; };
		BD2FF92E28ECC65D0098A180 /* Info.plist */ = {isa = PBXFileReference; lastKnownFileType = text.plist.xml; path = Info.plist; sourceTree = "<group>"; };
		BD2FF93628ECC8E50098A180 /* BuzzWatch2Watch Watch App.app */ = {isa = PBXFileReference; explicitFileType = wrapper.application; includeInIndex = 0; path = "BuzzWatch2Watch Watch App.app"; sourceTree = BUILT_PRODUCTS_DIR; };
		BD2FF93828ECC8E50098A180 /* BuzzWatch2WatchApp.swift */ = {isa = PBXFileReference; lastKnownFileType = sourcecode.swift; path = BuzzWatch2WatchApp.swift; sourceTree = "<group>"; };
		BD2FF93A28ECC8E50098A180 /* ContentView.swift */ = {isa = PBXFileReference; lastKnownFileType = sourcecode.swift; path = ContentView.swift; sourceTree = "<group>"; };
		BD2FF93C28ECC8E50098A180 /* Assets.xcassets */ = {isa = PBXFileReference; lastKnownFileType = folder.assetcatalog; path = Assets.xcassets; sourceTree = "<group>"; };
		BD2FF93F28ECC8E50098A180 /* Preview Assets.xcassets */ = {isa = PBXFileReference; lastKnownFileType = folder.assetcatalog; path = "Preview Assets.xcassets"; sourceTree = "<group>"; };
		BD2FF9AA28ECF1DE0098A180 /* BuzzWatch2Watch Watch App.entitlements */ = {isa = PBXFileReference; lastKnownFileType = text.plist.entitlements; path = "BuzzWatch2Watch Watch App.entitlements"; sourceTree = "<group>"; };
		BD2FF9AB28ECF1FC0098A180 /* BuzzWatch2Watch-Watch-App-Info.plist */ = {isa = PBXFileReference; lastKnownFileType = text.plist; path = "BuzzWatch2Watch-Watch-App-Info.plist"; sourceTree = SOURCE_ROOT; };
		BD2FF9B528ECF64C0098A180 /* BuzzWatch2.entitlements */ = {isa = PBXFileReference; lastKnownFileType = text.plist.entitlements; path = BuzzWatch2.entitlements; sourceTree = "<group>"; };
		BD2FF9B828ECFB5E0098A180 /* Settings.bundle */ = {isa = PBXFileReference; lastKnownFileType = "wrapper.plug-in"; path = Settings.bundle; sourceTree = "<group>"; };
		BDE946FA28EBB99800736ACA /* TODO.txt */ = {isa = PBXFileReference; lastKnownFileType = text; path = TODO.txt; sourceTree = "<group>"; };
		BDF2E82228E7CE3E001CEB60 /* SetupMonitoredSoundsView.swift */ = {isa = PBXFileReference; fileEncoding = 4; lastKnownFileType = sourcecode.swift; path = SetupMonitoredSoundsView.swift; sourceTree = "<group>"; };
		BDF2E82328E7CE3F001CEB60 /* SoundIdentifier.swift */ = {isa = PBXFileReference; fileEncoding = 4; lastKnownFileType = sourcecode.swift; path = SoundIdentifier.swift; sourceTree = "<group>"; };
		BDF2E82428E7CE3F001CEB60 /* DetectionState.swift */ = {isa = PBXFileReference; fileEncoding = 4; lastKnownFileType = sourcecode.swift; path = DetectionState.swift; sourceTree = "<group>"; };
		BDF2E82628E7CE3F001CEB60 /* ClassificationResultsSubject.swift */ = {isa = PBXFileReference; fileEncoding = 4; lastKnownFileType = sourcecode.swift; path = ClassificationResultsSubject.swift; sourceTree = "<group>"; };
		BDF2E82D28E7CECF001CEB60 /* SystemAudioClassifier.swift */ = {isa = PBXFileReference; fileEncoding = 4; lastKnownFileType = sourcecode.swift; path = SystemAudioClassifier.swift; sourceTree = "<group>"; };
/* End PBXFileReference section */

/* Begin PBXFrameworksBuildPhase section */
		BD2FF91B28ECC65D0098A180 /* Frameworks */ = {
			isa = PBXFrameworksBuildPhase;
			buildActionMask = 2147483647;
			files = (
			);
			runOnlyForDeploymentPostprocessing = 0;
		};
		BD2FF93328ECC8E40098A180 /* Frameworks */ = {
			isa = PBXFrameworksBuildPhase;
			buildActionMask = 2147483647;
			files = (
			);
			runOnlyForDeploymentPostprocessing = 0;
		};
/* End PBXFrameworksBuildPhase section */

/* Begin PBXGroup section */
		BD082B5528E3A13700B68BAF = {
			isa = PBXGroup;
			children = (
				BD1809ED28F4DFAB00F9441C /* Shared */,
				BD2FF91F28ECC65D0098A180 /* BuzzWatch2 */,
				BD2FF93728ECC8E50098A180 /* BuzzWatch2Watch Watch App */,
				BD082B5D28E3A13700B68BAF /* Products */,
			);
			sourceTree = "<group>";
		};
		BD082B5D28E3A13700B68BAF /* Products */ = {
			isa = PBXGroup;
			children = (
				BD2FF91E28ECC65D0098A180 /* BuzzWatch2.app */,
				BD2FF93628ECC8E50098A180 /* BuzzWatch2Watch Watch App.app */,
			);
			name = Products;
			sourceTree = "<group>";
		};
		BD1809ED28F4DFAB00F9441C /* Shared */ = {
			isa = PBXGroup;
			children = (
				BD1809EE28F4DFAB00F9441C /* Logger.swift */,
				BD1809EF28F4DFAB00F9441C /* SessionTransfer.swift */,
				BD1809F028F4DFAB00F9441C /* CommandStatus.swift */,
				BD1809F128F4DFAB00F9441C /* FileTransferObservers.swift */,
				BD1809F228F4DFAB00F9441C /* TestDataProvider.swift */,
				BD1809F328F4DFAB00F9441C /* SessionDelegator.swift */,
				BD1809F428F4DFAB00F9441C /* SessionCommands.swift */,
			);
			path = Shared;
			sourceTree = "<group>";
		};
		BD2FF91F28ECC65D0098A180 /* BuzzWatch2 */ = {
			isa = PBXGroup;
			children = (
				BD2FF9B528ECF64C0098A180 /* BuzzWatch2.entitlements */,
				BD2FF92028ECC65D0098A180 /* AppDelegate.swift */,
				BD2FF92228ECC65D0098A180 /* SceneDelegate.swift */,
				BD2FF92428ECC65D0098A180 /* ViewController.swift */,
				BD2FF92628ECC65D0098A180 /* Main.storyboard */,
				BD2FF92928ECC65D0098A180 /* Assets.xcassets */,
				BD2FF92B28ECC65D0098A180 /* LaunchScreen.storyboard */,
				BD2FF92E28ECC65D0098A180 /* Info.plist */,
				BD2FF9B828ECFB5E0098A180 /* Settings.bundle */,
			);
			path = BuzzWatch2;
			sourceTree = "<group>";
		};
		BD2FF93728ECC8E50098A180 /* BuzzWatch2Watch Watch App */ = {
			isa = PBXGroup;
			children = (
				BDE946FA28EBB99800736ACA /* TODO.txt */,
				BD082B7928E3BAEE00B68BAF /* NotificationController.swift */,
				BD082B7B28E3BB8D00B68BAF /* NotificationView.swift */,
				BD082B7D28E3C17700B68BAF /* PushNotificationPayload.apns */,
				BDF2E82628E7CE3F001CEB60 /* ClassificationResultsSubject.swift */,
				BDF2E82428E7CE3F001CEB60 /* DetectionState.swift */,
				BDF2E82228E7CE3E001CEB60 /* SetupMonitoredSoundsView.swift */,
				BDF2E82328E7CE3F001CEB60 /* SoundIdentifier.swift */,
				BDF2E82D28E7CECF001CEB60 /* SystemAudioClassifier.swift */,
				BD2FF9AB28ECF1FC0098A180 /* BuzzWatch2Watch-Watch-App-Info.plist */,
				BD2FF9AA28ECF1DE0098A180 /* BuzzWatch2Watch Watch App.entitlements */,
				BD2FF93828ECC8E50098A180 /* BuzzWatch2WatchApp.swift */,
				BD2FF93A28ECC8E50098A180 /* ContentView.swift */,
				BD2FF93C28ECC8E50098A180 /* Assets.xcassets */,
				BD2FF93E28ECC8E50098A180 /* Preview Content */,
			);
			path = "BuzzWatch2Watch Watch App";
			sourceTree = "<group>";
		};
		BD2FF93E28ECC8E50098A180 /* Preview Content */ = {
			isa = PBXGroup;
			children = (
				BD2FF93F28ECC8E50098A180 /* Preview Assets.xcassets */,
			);
			path = "Preview Content";
			sourceTree = "<group>";
		};
/* End PBXGroup section */

/* Begin PBXNativeTarget section */
		BD2FF91D28ECC65D0098A180 /* BuzzWatch2 */ = {
			isa = PBXNativeTarget;
			buildConfigurationList = BD2FF93128ECC65D0098A180 /* Build configuration list for PBXNativeTarget "BuzzWatch2" */;
			buildPhases = (
				BD2FF91A28ECC65D0098A180 /* Sources */,
				BD2FF91B28ECC65D0098A180 /* Frameworks */,
				BD2FF91C28ECC65D0098A180 /* Resources */,
				BD2FF94728ECC8E60098A180 /* Embed Watch Content */,
			);
			buildRules = (
			);
			dependencies = (
				BD2FF94228ECC8E50098A180 /* PBXTargetDependency */,
			);
			name = BuzzWatch2;
			productName = BuzzWatch2;
			productReference = BD2FF91E28ECC65D0098A180 /* BuzzWatch2.app */;
			productType = "com.apple.product-type.application";
		};
		BD2FF93528ECC8E40098A180 /* BuzzWatch2Watch Watch App */ = {
			isa = PBXNativeTarget;
			buildConfigurationList = BD2FF94428ECC8E60098A180 /* Build configuration list for PBXNativeTarget "BuzzWatch2Watch Watch App" */;
			buildPhases = (
				BD2FF93228ECC8E40098A180 /* Sources */,
				BD2FF93328ECC8E40098A180 /* Frameworks */,
				BD2FF93428ECC8E40098A180 /* Resources */,
			);
			buildRules = (
			);
			dependencies = (
			);
			name = "BuzzWatch2Watch Watch App";
			productName = "BuzzWatch2Watch Watch App";
			productReference = BD2FF93628ECC8E50098A180 /* BuzzWatch2Watch Watch App.app */;
			productType = "com.apple.product-type.application";
		};
/* End PBXNativeTarget section */

/* Begin PBXProject section */
		BD082B5628E3A13700B68BAF /* Project object */ = {
			isa = PBXProject;
			attributes = {
				BuildIndependentTargetsInParallel = 1;
				LastSwiftUpdateCheck = 1400;
				LastUpgradeCheck = 1400;
				TargetAttributes = {
					BD2FF91D28ECC65D0098A180 = {
						CreatedOnToolsVersion = 14.0;
					};
					BD2FF93528ECC8E40098A180 = {
						CreatedOnToolsVersion = 14.0;
					};
				};
			};
			buildConfigurationList = BD082B5928E3A13700B68BAF /* Build configuration list for PBXProject "BuzzWatch" */;
			compatibilityVersion = "Xcode 13.0";
			developmentRegion = en;
			hasScannedForEncodings = 0;
			knownRegions = (
				en,
				Base,
			);
			mainGroup = BD082B5528E3A13700B68BAF;
			productRefGroup = BD082B5D28E3A13700B68BAF /* Products */;
			projectDirPath = "";
			projectRoot = "";
			targets = (
				BD2FF91D28ECC65D0098A180 /* BuzzWatch2 */,
				BD2FF93528ECC8E40098A180 /* BuzzWatch2Watch Watch App */,
			);
		};
/* End PBXProject section */

/* Begin PBXResourcesBuildPhase section */
		BD2FF91C28ECC65D0098A180 /* Resources */ = {
			isa = PBXResourcesBuildPhase;
			buildActionMask = 2147483647;
			files = (
				BD2FF9B928ECFB5E0098A180 /* Settings.bundle in Resources */,
				BD2FF92D28ECC65D0098A180 /* LaunchScreen.storyboard in Resources */,
				BD2FF92A28ECC65D0098A180 /* Assets.xcassets in Resources */,
				BD2FF92828ECC65D0098A180 /* Main.storyboard in Resources */,
			);
			runOnlyForDeploymentPostprocessing = 0;
		};
		BD2FF93428ECC8E40098A180 /* Resources */ = {
			isa = PBXResourcesBuildPhase;
			buildActionMask = 2147483647;
			files = (
				BD2FF94028ECC8E50098A180 /* Preview Assets.xcassets in Resources */,
				BD2FF93D28ECC8E50098A180 /* Assets.xcassets in Resources */,
			);
			runOnlyForDeploymentPostprocessing = 0;
		};
/* End PBXResourcesBuildPhase section */

/* Begin PBXSourcesBuildPhase section */
		BD2FF91A28ECC65D0098A180 /* Sources */ = {
			isa = PBXSourcesBuildPhase;
			buildActionMask = 2147483647;
			files = (
				BD1809F528F4DFB700F9441C /* Logger.swift in Sources */,
				BD1809F628F4DFB700F9441C /* SessionTransfer.swift in Sources */,
				BD1809F728F4DFB700F9441C /* CommandStatus.swift in Sources */,
				BD1809F828F4DFB700F9441C /* FileTransferObservers.swift in Sources */,
				BD1809F928F4DFB700F9441C /* TestDataProvider.swift in Sources */,
				BD1809FA28F4DFB700F9441C /* SessionDelegator.swift in Sources */,
				BD1809FB28F4DFB700F9441C /* SessionCommands.swift in Sources */,
				BD2FF92528ECC65D0098A180 /* ViewController.swift in Sources */,
				BD2FF92128ECC65D0098A180 /* AppDelegate.swift in Sources */,
				BD2FF92328ECC65D0098A180 /* SceneDelegate.swift in Sources */,
			);
			runOnlyForDeploymentPostprocessing = 0;
		};
		BD2FF93228ECC8E40098A180 /* Sources */ = {
			isa = PBXSourcesBuildPhase;
			buildActionMask = 2147483647;
			files = (
				BD1809FC28F4E95600F9441C /* Logger.swift in Sources */,
				BD1809FD28F4E95600F9441C /* SessionTransfer.swift in Sources */,
				BD1809FE28F4E95600F9441C /* CommandStatus.swift in Sources */,
				BD1809FF28F4E95600F9441C /* FileTransferObservers.swift in Sources */,
				BD180A0028F4E95600F9441C /* TestDataProvider.swift in Sources */,
				BD180A0128F4E95600F9441C /* SessionDelegator.swift in Sources */,
				BD180A0228F4E95600F9441C /* SessionCommands.swift in Sources */,
				BD2FF9AC28ECF2550098A180 /* SoundIdentifier.swift in Sources */,
				BD2FF9AE28ECF2550098A180 /* SetupMonitoredSoundsView.swift in Sources */,
				BD2FF9B128ECF2550098A180 /* NotificationController.swift in Sources */,
				BD2FF93B28ECC8E50098A180 /* ContentView.swift in Sources */,
				BD2FF93928ECC8E50098A180 /* BuzzWatch2WatchApp.swift in Sources */,
				BD2FF9B028ECF2550098A180 /* SystemAudioClassifier.swift in Sources */,
				BD2FF9AD28ECF2550098A180 /* DetectionState.swift in Sources */,
				BD2FF9AF28ECF2550098A180 /* ClassificationResultsSubject.swift in Sources */,
				BD2FF9B228ECF2550098A180 /* NotificationView.swift in Sources */,
			);
			runOnlyForDeploymentPostprocessing = 0;
		};
/* End PBXSourcesBuildPhase section */

/* Begin PBXTargetDependency section */
		BD2FF94228ECC8E50098A180 /* PBXTargetDependency */ = {
			isa = PBXTargetDependency;
			target = BD2FF93528ECC8E40098A180 /* BuzzWatch2Watch Watch App */;
			targetProxy = BD2FF94128ECC8E50098A180 /* PBXContainerItemProxy */;
		};
/* End PBXTargetDependency section */

/* Begin PBXVariantGroup section */
		BD2FF92628ECC65D0098A180 /* Main.storyboard */ = {
			isa = PBXVariantGroup;
			children = (
				BD2FF92728ECC65D0098A180 /* Base */,
			);
			name = Main.storyboard;
			sourceTree = "<group>";
		};
		BD2FF92B28ECC65D0098A180 /* LaunchScreen.storyboard */ = {
			isa = PBXVariantGroup;
			children = (
				BD2FF92C28ECC65D0098A180 /* Base */,
			);
			name = LaunchScreen.storyboard;
			sourceTree = "<group>";
		};
/* End PBXVariantGroup section */

/* Begin XCBuildConfiguration section */
		BD082B7028E3A13800B68BAF /* Debug */ = {
			isa = XCBuildConfiguration;
			buildSettings = {
				ALWAYS_SEARCH_USER_PATHS = NO;
				CLANG_ANALYZER_NONNULL = YES;
				CLANG_ANALYZER_NUMBER_OBJECT_CONVERSION = YES_AGGRESSIVE;
				CLANG_CXX_LANGUAGE_STANDARD = "gnu++20";
				CLANG_ENABLE_MODULES = YES;
				CLANG_ENABLE_OBJC_ARC = YES;
				CLANG_ENABLE_OBJC_WEAK = YES;
				CLANG_WARN_BLOCK_CAPTURE_AUTORELEASING = YES;
				CLANG_WARN_BOOL_CONVERSION = YES;
				CLANG_WARN_COMMA = YES;
				CLANG_WARN_CONSTANT_CONVERSION = YES;
				CLANG_WARN_DEPRECATED_OBJC_IMPLEMENTATIONS = YES;
				CLANG_WARN_DIRECT_OBJC_ISA_USAGE = YES_ERROR;
				CLANG_WARN_DOCUMENTATION_COMMENTS = YES;
				CLANG_WARN_EMPTY_BODY = YES;
				CLANG_WARN_ENUM_CONVERSION = YES;
				CLANG_WARN_INFINITE_RECURSION = YES;
				CLANG_WARN_INT_CONVERSION = YES;
				CLANG_WARN_NON_LITERAL_NULL_CONVERSION = YES;
				CLANG_WARN_OBJC_IMPLICIT_RETAIN_SELF = YES;
				CLANG_WARN_OBJC_LITERAL_CONVERSION = YES;
				CLANG_WARN_OBJC_ROOT_CLASS = YES_ERROR;
				CLANG_WARN_QUOTED_INCLUDE_IN_FRAMEWORK_HEADER = YES;
				CLANG_WARN_RANGE_LOOP_ANALYSIS = YES;
				CLANG_WARN_STRICT_PROTOTYPES = YES;
				CLANG_WARN_SUSPICIOUS_MOVE = YES;
				CLANG_WARN_UNGUARDED_AVAILABILITY = YES_AGGRESSIVE;
				CLANG_WARN_UNREACHABLE_CODE = YES;
				CLANG_WARN__DUPLICATE_METHOD_MATCH = YES;
				COPY_PHASE_STRIP = NO;
				DEAD_CODE_STRIPPING = YES;
				DEBUG_INFORMATION_FORMAT = dwarf;
				ENABLE_STRICT_OBJC_MSGSEND = YES;
				ENABLE_TESTABILITY = YES;
				GCC_C_LANGUAGE_STANDARD = gnu11;
				GCC_DYNAMIC_NO_PIC = NO;
				GCC_NO_COMMON_BLOCKS = YES;
				GCC_OPTIMIZATION_LEVEL = 0;
				GCC_PREPROCESSOR_DEFINITIONS = (
					"DEBUG=1",
					"$(inherited)",
				);
				GCC_WARN_64_TO_32_BIT_CONVERSION = YES;
				GCC_WARN_ABOUT_RETURN_TYPE = YES_ERROR;
				GCC_WARN_UNDECLARED_SELECTOR = YES;
				GCC_WARN_UNINITIALIZED_AUTOS = YES_AGGRESSIVE;
				GCC_WARN_UNUSED_FUNCTION = YES;
				GCC_WARN_UNUSED_VARIABLE = YES;
				MTL_ENABLE_DEBUG_INFO = INCLUDE_SOURCE;
				MTL_FAST_MATH = YES;
				ONLY_ACTIVE_ARCH = YES;
				SWIFT_ACTIVE_COMPILATION_CONDITIONS = DEBUG;
				SWIFT_OPTIMIZATION_LEVEL = "-Onone";
			};
			name = Debug;
		};
		BD082B7128E3A13800B68BAF /* Release */ = {
			isa = XCBuildConfiguration;
			buildSettings = {
				ALWAYS_SEARCH_USER_PATHS = NO;
				CLANG_ANALYZER_NONNULL = YES;
				CLANG_ANALYZER_NUMBER_OBJECT_CONVERSION = YES_AGGRESSIVE;
				CLANG_CXX_LANGUAGE_STANDARD = "gnu++20";
				CLANG_ENABLE_MODULES = YES;
				CLANG_ENABLE_OBJC_ARC = YES;
				CLANG_ENABLE_OBJC_WEAK = YES;
				CLANG_WARN_BLOCK_CAPTURE_AUTORELEASING = YES;
				CLANG_WARN_BOOL_CONVERSION = YES;
				CLANG_WARN_COMMA = YES;
				CLANG_WARN_CONSTANT_CONVERSION = YES;
				CLANG_WARN_DEPRECATED_OBJC_IMPLEMENTATIONS = YES;
				CLANG_WARN_DIRECT_OBJC_ISA_USAGE = YES_ERROR;
				CLANG_WARN_DOCUMENTATION_COMMENTS = YES;
				CLANG_WARN_EMPTY_BODY = YES;
				CLANG_WARN_ENUM_CONVERSION = YES;
				CLANG_WARN_INFINITE_RECURSION = YES;
				CLANG_WARN_INT_CONVERSION = YES;
				CLANG_WARN_NON_LITERAL_NULL_CONVERSION = YES;
				CLANG_WARN_OBJC_IMPLICIT_RETAIN_SELF = YES;
				CLANG_WARN_OBJC_LITERAL_CONVERSION = YES;
				CLANG_WARN_OBJC_ROOT_CLASS = YES_ERROR;
				CLANG_WARN_QUOTED_INCLUDE_IN_FRAMEWORK_HEADER = YES;
				CLANG_WARN_RANGE_LOOP_ANALYSIS = YES;
				CLANG_WARN_STRICT_PROTOTYPES = YES;
				CLANG_WARN_SUSPICIOUS_MOVE = YES;
				CLANG_WARN_UNGUARDED_AVAILABILITY = YES_AGGRESSIVE;
				CLANG_WARN_UNREACHABLE_CODE = YES;
				CLANG_WARN__DUPLICATE_METHOD_MATCH = YES;
				COPY_PHASE_STRIP = NO;
				DEAD_CODE_STRIPPING = YES;
				DEBUG_INFORMATION_FORMAT = "dwarf-with-dsym";
				ENABLE_NS_ASSERTIONS = NO;
				ENABLE_STRICT_OBJC_MSGSEND = YES;
				GCC_C_LANGUAGE_STANDARD = gnu11;
				GCC_NO_COMMON_BLOCKS = YES;
				GCC_WARN_64_TO_32_BIT_CONVERSION = YES;
				GCC_WARN_ABOUT_RETURN_TYPE = YES_ERROR;
				GCC_WARN_UNDECLARED_SELECTOR = YES;
				GCC_WARN_UNINITIALIZED_AUTOS = YES_AGGRESSIVE;
				GCC_WARN_UNUSED_FUNCTION = YES;
				GCC_WARN_UNUSED_VARIABLE = YES;
				MTL_ENABLE_DEBUG_INFO = NO;
				MTL_FAST_MATH = YES;
				SWIFT_COMPILATION_MODE = wholemodule;
				SWIFT_OPTIMIZATION_LEVEL = "-O";
			};
			name = Release;
		};
		BD2FF92F28ECC65D0098A180 /* Debug */ = {
			isa = XCBuildConfiguration;
			buildSettings = {
				ALWAYS_EMBED_SWIFT_STANDARD_LIBRARIES = YES;
				ASSETCATALOG_COMPILER_APPICON_NAME = AppIcon;
				ASSETCATALOG_COMPILER_GLOBAL_ACCENT_COLOR_NAME = AccentColor;
				CODE_SIGN_ENTITLEMENTS = BuzzWatch2/BuzzWatch2.entitlements;
				CODE_SIGN_STYLE = Automatic;
				CURRENT_PROJECT_VERSION = 37;
				DEVELOPMENT_TEAM = F6X27PB5BH;
				GENERATE_INFOPLIST_FILE = YES;
				INFOPLIST_FILE = BuzzWatch2/Info.plist;
				INFOPLIST_KEY_CFBundleDisplayName = BuzzWatch;
				INFOPLIST_KEY_LSApplicationCategoryType = "public.app-category.utilities";
				INFOPLIST_KEY_NSMicrophoneUsageDescription = "Classify sound and notify usser of important events";
				INFOPLIST_KEY_UIApplicationSupportsIndirectInputEvents = YES;
				INFOPLIST_KEY_UILaunchStoryboardName = LaunchScreen;
				INFOPLIST_KEY_UIMainStoryboardFile = Main;
				INFOPLIST_KEY_UISupportedInterfaceOrientations = "UIInterfaceOrientationPortrait UIInterfaceOrientationPortraitUpsideDown";
				INFOPLIST_KEY_UISupportedInterfaceOrientations_iPad = "UIInterfaceOrientationLandscapeLeft UIInterfaceOrientationLandscapeRight UIInterfaceOrientationPortrait UIInterfaceOrientationPortraitUpsideDown";
				IPHONEOS_DEPLOYMENT_TARGET = 15.0;
				LD_RUNPATH_SEARCH_PATHS = (
					"$(inherited)",
					"@executable_path/Frameworks",
				);
				MARKETING_VERSION = 1.0.1;
				PRODUCT_BUNDLE_IDENTIFIER = com.evergreenlabs.BuzzWatch2;
				PRODUCT_NAME = "$(TARGET_NAME)";
				SDKROOT = iphoneos;
				SUPPORTED_PLATFORMS = "iphoneos iphonesimulator";
				SUPPORTS_MACCATALYST = NO;
				SUPPORTS_MAC_DESIGNED_FOR_IPHONE_IPAD = NO;
				SWIFT_EMIT_LOC_STRINGS = YES;
				SWIFT_VERSION = 5.0;
				TARGETED_DEVICE_FAMILY = 1;
			};
			name = Debug;
		};
		BD2FF93028ECC65D0098A180 /* Release */ = {
			isa = XCBuildConfiguration;
			buildSettings = {
				ALWAYS_EMBED_SWIFT_STANDARD_LIBRARIES = YES;
				ASSETCATALOG_COMPILER_APPICON_NAME = AppIcon;
				ASSETCATALOG_COMPILER_GLOBAL_ACCENT_COLOR_NAME = AccentColor;
				CODE_SIGN_ENTITLEMENTS = BuzzWatch2/BuzzWatch2.entitlements;
				CODE_SIGN_STYLE = Automatic;
				CURRENT_PROJECT_VERSION = 37;
				DEVELOPMENT_TEAM = F6X27PB5BH;
				GENERATE_INFOPLIST_FILE = YES;
				INFOPLIST_FILE = BuzzWatch2/Info.plist;
				INFOPLIST_KEY_CFBundleDisplayName = BuzzWatch;
				INFOPLIST_KEY_LSApplicationCategoryType = "public.app-category.utilities";
				INFOPLIST_KEY_NSMicrophoneUsageDescription = "Classify sound and notify usser of important events";
				INFOPLIST_KEY_UIApplicationSupportsIndirectInputEvents = YES;
				INFOPLIST_KEY_UILaunchStoryboardName = LaunchScreen;
				INFOPLIST_KEY_UIMainStoryboardFile = Main;
				INFOPLIST_KEY_UISupportedInterfaceOrientations = "UIInterfaceOrientationPortrait UIInterfaceOrientationPortraitUpsideDown";
				INFOPLIST_KEY_UISupportedInterfaceOrientations_iPad = "UIInterfaceOrientationLandscapeLeft UIInterfaceOrientationLandscapeRight UIInterfaceOrientationPortrait UIInterfaceOrientationPortraitUpsideDown";
				IPHONEOS_DEPLOYMENT_TARGET = 15.0;
				LD_RUNPATH_SEARCH_PATHS = (
					"$(inherited)",
					"@executable_path/Frameworks",
				);
				MARKETING_VERSION = 1.0.1;
				PRODUCT_BUNDLE_IDENTIFIER = com.evergreenlabs.BuzzWatch2;
				PRODUCT_NAME = "$(TARGET_NAME)";
				SDKROOT = iphoneos;
				SUPPORTED_PLATFORMS = "iphoneos iphonesimulator";
				SUPPORTS_MACCATALYST = NO;
				SUPPORTS_MAC_DESIGNED_FOR_IPHONE_IPAD = NO;
				SWIFT_EMIT_LOC_STRINGS = YES;
				SWIFT_VERSION = 5.0;
				TARGETED_DEVICE_FAMILY = 1;
				VALIDATE_PRODUCT = YES;
			};
			name = Release;
		};
		BD2FF94528ECC8E60098A180 /* Debug */ = {
			isa = XCBuildConfiguration;
			buildSettings = {
				ASSETCATALOG_COMPILER_APPICON_NAME = AppIcon;
				ASSETCATALOG_COMPILER_GLOBAL_ACCENT_COLOR_NAME = AccentColor;
				CODE_SIGN_ENTITLEMENTS = "BuzzWatch2Watch Watch App/BuzzWatch2Watch Watch App.entitlements";
				CODE_SIGN_STYLE = Automatic;
				CURRENT_PROJECT_VERSION = 37;
				DEVELOPMENT_ASSET_PATHS = "\"BuzzWatch2Watch Watch App/Preview Content\"";
				DEVELOPMENT_TEAM = F6X27PB5BH;
				ENABLE_PREVIEWS = YES;
				GENERATE_INFOPLIST_FILE = YES;
				INFOPLIST_FILE = "BuzzWatch2Watch-Watch-App-Info.plist";
				INFOPLIST_KEY_CFBundleDisplayName = BuzzWatch;
				INFOPLIST_KEY_NSMicrophoneUsageDescription = "Classify sound and notify usser of important events";
				INFOPLIST_KEY_UISupportedInterfaceOrientations = "UIInterfaceOrientationPortrait UIInterfaceOrientationPortraitUpsideDown";
				INFOPLIST_KEY_WKCompanionAppBundleIdentifier = com.evergreenlabs.BuzzWatch2;
				LD_RUNPATH_SEARCH_PATHS = (
					"$(inherited)",
					"@executable_path/Frameworks",
				);
				MARKETING_VERSION = 1.0.1;
				PRODUCT_BUNDLE_IDENTIFIER = com.evergreenlabs.BuzzWatch2.watchkitapp;
				PRODUCT_NAME = "$(TARGET_NAME)";
				SDKROOT = watchos;
				SKIP_INSTALL = YES;
				SWIFT_EMIT_LOC_STRINGS = YES;
				SWIFT_VERSION = 5.0;
				TARGETED_DEVICE_FAMILY = 4;
				WATCHOS_DEPLOYMENT_TARGET = 8.5;
			};
			name = Debug;
		};
		BD2FF94628ECC8E60098A180 /* Release */ = {
			isa = XCBuildConfiguration;
			buildSettings = {
				ASSETCATALOG_COMPILER_APPICON_NAME = AppIcon;
				ASSETCATALOG_COMPILER_GLOBAL_ACCENT_COLOR_NAME = AccentColor;
				CODE_SIGN_ENTITLEMENTS = "BuzzWatch2Watch Watch App/BuzzWatch2Watch Watch App.entitlements";
				CODE_SIGN_STYLE = Automatic;
				CURRENT_PROJECT_VERSION = 37;
				DEVELOPMENT_ASSET_PATHS = "\"BuzzWatch2Watch Watch App/Preview Content\"";
				DEVELOPMENT_TEAM = F6X27PB5BH;
				ENABLE_PREVIEWS = YES;
				GENERATE_INFOPLIST_FILE = YES;
				INFOPLIST_FILE = "BuzzWatch2Watch-Watch-App-Info.plist";
				INFOPLIST_KEY_CFBundleDisplayName = BuzzWatch;
				INFOPLIST_KEY_NSMicrophoneUsageDescription = "Classify sound and notify usser of important events";
				INFOPLIST_KEY_UISupportedInterfaceOrientations = "UIInterfaceOrientationPortrait UIInterfaceOrientationPortraitUpsideDown";
				INFOPLIST_KEY_WKCompanionAppBundleIdentifier = com.evergreenlabs.BuzzWatch2;
				LD_RUNPATH_SEARCH_PATHS = (
					"$(inherited)",
					"@executable_path/Frameworks",
				);
				MARKETING_VERSION = 1.0.1;
				PRODUCT_BUNDLE_IDENTIFIER = com.evergreenlabs.BuzzWatch2.watchkitapp;
				PRODUCT_NAME = "$(TARGET_NAME)";
				SDKROOT = watchos;
				SKIP_INSTALL = YES;
				SWIFT_EMIT_LOC_STRINGS = YES;
				SWIFT_VERSION = 5.0;
				TARGETED_DEVICE_FAMILY = 4;
				VALIDATE_PRODUCT = YES;
				WATCHOS_DEPLOYMENT_TARGET = 8.5;
			};
			name = Release;
		};
/* End XCBuildConfiguration section */

/* Begin XCConfigurationList section */
		BD082B5928E3A13700B68BAF /* Build configuration list for PBXProject "BuzzWatch" */ = {
			isa = XCConfigurationList;
			buildConfigurations = (
				BD082B7028E3A13800B68BAF /* Debug */,
				BD082B7128E3A13800B68BAF /* Release */,
			);
			defaultConfigurationIsVisible = 0;
			defaultConfigurationName = Release;
		};
		BD2FF93128ECC65D0098A180 /* Build configuration list for PBXNativeTarget "BuzzWatch2" */ = {
			isa = XCConfigurationList;
			buildConfigurations = (
				BD2FF92F28ECC65D0098A180 /* Debug */,
				BD2FF93028ECC65D0098A180 /* Release */,
			);
			defaultConfigurationIsVisible = 0;
			defaultConfigurationName = Release;
		};
		BD2FF94428ECC8E60098A180 /* Build configuration list for PBXNativeTarget "BuzzWatch2Watch Watch App" */ = {
			isa = XCConfigurationList;
			buildConfigurations = (
				BD2FF94528ECC8E60098A180 /* Debug */,
				BD2FF94628ECC8E60098A180 /* Release */,
			);
			defaultConfigurationIsVisible = 0;
			defaultConfigurationName = Release;
		};
/* End XCConfigurationList section */
	};
	rootObject = BD082B5628E3A13700B68BAF /* Project object */;
}
